
Microsoft Visual Studio Solution File, Format Version 12.00
# Visual Studio 15
VisualStudioVersion = 15.0.26430.16
MinimumVisualStudioVersion = 10.0.40219.1
Project("{FAE04EC0-301F-11D3-BF4B-00C04F79EFBC}") = "RealTest", "RealTest\RealTest.csproj", "{B7F79E5B-1F20-4766-93CB-EE23C68E42DA}"
EndProject
Project("{FAE04EC0-301F-11D3-BF4B-00C04F79EFBC}") = "RealTest.Model", "RealTest.Model\RealTest.Model.csproj", "{140C6118-AB11-4459-9695-7A4FF5A0F0AB}"
EndProject
Project("{FAE04EC0-301F-11D3-BF4B-00C04F79EFBC}") = "WebAPI", "WebAPI\WebAPI.csproj", "{B7229CC3-094E-49DF-9874-17F934C51BD3}"
EndProject
Project("{FAE04EC0-301F-11D3-BF4B-00C04F79EFBC}") = "MovieAPI", "MovieAPI\MovieAPI.csproj", "{3181ED5E-4AC8-4960-8EA6-9D50F6DAD1E4}"
EndProject
Global
	GlobalSection(SolutionConfigurationPlatforms) = preSolution
		Debug|Any CPU = Debug|Any CPU
		Debug|ARM = Debug|ARM
		Debug|x64 = Debug|x64
		Debug|x86 = Debug|x86
		Release|Any CPU = Release|Any CPU
		Release|ARM = Release|ARM
		Release|x64 = Release|x64
		Release|x86 = Release|x86
	EndGlobalSection
	GlobalSection(ProjectConfigurationPlatforms) = postSolution
		{B7F79E5B-1F20-4766-93CB-EE23C68E42DA}.Debug|Any CPU.ActiveCfg = Debug|Any CPU
		{B7F79E5B-1F20-4766-93CB-EE23C68E42DA}.Debug|Any CPU.Build.0 = Debug|Any CPU
		{B7F79E5B-1F20-4766-93CB-EE23C68E42DA}.Debug|ARM.ActiveCfg = Debug|Any CPU
		{B7F79E5B-1F20-4766-93CB-EE23C68E42DA}.Debug|ARM.Build.0 = Debug|Any CPU
		{B7F79E5B-1F20-4766-93CB-EE23C68E42DA}.Debug|x64.ActiveCfg = Debug|Any CPU
		{B7F79E5B-1F20-4766-93CB-EE23C68E42DA}.Debug|x64.Build.0 = Debug|Any CPU
		{B7F79E5B-1F20-4766-93CB-EE23C68E42DA}.Debug|x86.ActiveCfg = Debug|Any CPU
		{B7F79E5B-1F20-4766-93CB-EE23C68E42DA}.Debug|x86.Build.0 = Debug|Any CPU
		{B7F79E5B-1F20-4766-93CB-EE23C68E42DA}.Release|Any CPU.ActiveCfg = Release|Any CPU
		{B7F79E5B-1F20-4766-93CB-EE23C68E42DA}.Release|Any CPU.Build.0 = Release|Any CPU
		{B7F79E5B-1F20-4766-93CB-EE23C68E42DA}.Release|ARM.ActiveCfg = Release|Any CPU
		{B7F79E5B-1F20-4766-93CB-EE23C68E42DA}.Release|ARM.Build.0 = Release|Any CPU
		{B7F79E5B-1F20-4766-93CB-EE23C68E42DA}.Release|x64.ActiveCfg = Release|Any CPU
		{B7F79E5B-1F20-4766-93CB-EE23C68E42DA}.Release|x64.Build.0 = Release|Any CPU
		{B7F79E5B-1F20-4766-93CB-EE23C68E42DA}.Release|x86.ActiveCfg = Release|Any CPU
		{B7F79E5B-1F20-4766-93CB-EE23C68E42DA}.Release|x86.Build.0 = Release|Any CPU
		{140C6118-AB11-4459-9695-7A4FF5A0F0AB}.Debug|Any CPU.ActiveCfg = Debug|Any CPU
		{140C6118-AB11-4459-9695-7A4FF5A0F0AB}.Debug|Any CPU.Build.0 = Debug|Any CPU
		{140C6118-AB11-4459-9695-7A4FF5A0F0AB}.Debug|ARM.ActiveCfg = Debug|Any CPU
		{140C6118-AB11-4459-9695-7A4FF5A0F0AB}.Debug|ARM.Build.0 = Debug|Any CPU
		{140C6118-AB11-4459-9695-7A4FF5A0F0AB}.Debug|x64.ActiveCfg = Debug|Any CPU
		{140C6118-AB11-4459-9695-7A4FF5A0F0AB}.Debug|x64.Build.0 = Debug|Any CPU
		{140C6118-AB11-4459-9695-7A4FF5A0F0AB}.Debug|x86.ActiveCfg = Debug|Any CPU
		{140C6118-AB11-4459-9695-7A4FF5A0F0AB}.Debug|x86.Build.0 = Debug|Any CPU
		{140C6118-AB11-4459-9695-7A4FF5A0F0AB}.Release|Any CPU.ActiveCfg = Release|Any CPU
		{140C6118-AB11-4459-9695-7A4FF5A0F0AB}.Release|Any CPU.Build.0 = Release|Any CPU
		{140C6118-AB11-4459-9695-7A4FF5A0F0AB}.Release|ARM.ActiveCfg = Release|Any CPU
		{140C6118-AB11-4459-9695-7A4FF5A0F0AB}.Release|ARM.Build.0 = Release|Any CPU
		{140C6118-AB11-4459-9695-7A4FF5A0F0AB}.Release|x64.ActiveCfg = Release|Any CPU
		{140C6118-AB11-4459-9695-7A4FF5A0F0AB}.Release|x64.Build.0 = Release|Any CPU
		{140C6118-AB11-4459-9695-7A4FF5A0F0AB}.Release|x86.ActiveCfg = Release|Any CPU
		{140C6118-AB11-4459-9695-7A4FF5A0F0AB}.Release|x86.Build.0 = Release|Any CPU
		{B7229CC3-094E-49DF-9874-17F934C51BD3}.Debug|Any CPU.ActiveCfg = Debug|Any CPU
		{B7229CC3-094E-49DF-9874-17F934C51BD3}.Debug|Any CPU.Build.0 = Debug|Any CPU
		{B7229CC3-094E-49DF-9874-17F934C51BD3}.Debug|ARM.ActiveCfg = Debug|Any CPU
		{B7229CC3-094E-49DF-9874-17F934C51BD3}.Debug|ARM.Build.0 = Debug|Any CPU
		{B7229CC3-094E-49DF-9874-17F934C51BD3}.Debug|x64.ActiveCfg = Debug|Any CPU
		{B7229CC3-094E-49DF-9874-17F934C51BD3}.Debug|x64.Build.0 = Debug|Any CPU
		{B7229CC3-094E-49DF-9874-17F934C51BD3}.Debug|x86.ActiveCfg = Debug|Any CPU
		{B7229CC3-094E-49DF-9874-17F934C51BD3}.Debug|x86.Build.0 = Debug|Any CPU
		{B7229CC3-094E-49DF-9874-17F934C51BD3}.Release|Any CPU.ActiveCfg = Release|Any CPU
		{B7229CC3-094E-49DF-9874-17F934C51BD3}.Release|Any CPU.Build.0 = Release|Any CPU
		{B7229CC3-094E-49DF-9874-17F934C51BD3}.Release|ARM.ActiveCfg = Release|Any CPU
		{B7229CC3-094E-49DF-9874-17F934C51BD3}.Release|ARM.Build.0 = Release|Any CPU
		{B7229CC3-094E-49DF-9874-17F934C51BD3}.Release|x64.ActiveCfg = Release|Any CPU
		{B7229CC3-094E-49DF-9874-17F934C51BD3}.Release|x64.Build.0 = Release|Any CPU
		{B7229CC3-094E-49DF-9874-17F934C51BD3}.Release|x86.ActiveCfg = Release|Any CPU
		{B7229CC3-094E-49DF-9874-17F934C51BD3}.Release|x86.Build.0 = Release|Any CPU
		{3181ED5E-4AC8-4960-8EA6-9D50F6DAD1E4}.Debug|Any CPU.ActiveCfg = Debug|Any CPU
		{3181ED5E-4AC8-4960-8EA6-9D50F6DAD1E4}.Debug|Any CPU.Build.0 = Debug|Any CPU
		{3181ED5E-4AC8-4960-8EA6-9D50F6DAD1E4}.Debug|ARM.ActiveCfg = Debug|Any CPU
		{3181ED5E-4AC8-4960-8EA6-9D50F6DAD1E4}.Debug|ARM.Build.0 = Debug|Any CPU
		{3181ED5E-4AC8-4960-8EA6-9D50F6DAD1E4}.Debug|x64.ActiveCfg = Debug|Any CPU
		{3181ED5E-4AC8-4960-8EA6-9D50F6DAD1E4}.Debug|x64.Build.0 = Debug|Any CPU
		{3181ED5E-4AC8-4960-8EA6-9D50F6DAD1E4}.Debug|x86.ActiveCfg = Debug|Any CPU
		{3181ED5E-4AC8-4960-8EA6-9D50F6DAD1E4}.Debug|x86.Build.0 = Debug|Any CPU
		{3181ED5E-4AC8-4960-8EA6-9D50F6DAD1E4}.Release|Any CPU.ActiveCfg = Release|Any CPU
		{3181ED5E-4AC8-4960-8EA6-9D50F6DAD1E4}.Release|Any CPU.Build.0 = Release|Any CPU
		{3181ED5E-4AC8-4960-8EA6-9D50F6DAD1E4}.Release|ARM.ActiveCfg = Release|Any CPU
		{3181ED5E-4AC8-4960-8EA6-9D50F6DAD1E4}.Release|ARM.Build.0 = Release|Any CPU
		{3181ED5E-4AC8-4960-8EA6-9D50F6DAD1E4}.Release|x64.ActiveCfg = Release|Any CPU
		{3181ED5E-4AC8-4960-8EA6-9D50F6DAD1E4}.Release|x64.Build.0 = Release|Any CPU
		{3181ED5E-4AC8-4960-8EA6-9D50F6DAD1E4}.Release|x86.ActiveCfg = Release|Any CPU
		{3181ED5E-4AC8-4960-8EA6-9D50F6DAD1E4}.Release|x86.Build.0 = Release|Any CPU
	EndGlobalSection
	GlobalSection(SolutionProperties) = preSolution
		HideSolutionNode = FALSE
	EndGlobalSection
EndGlobal
